// !$*UTF8*$!
{
	archiveVersion = 1;
	classes = {
	};
	objectVersion = 50;
	objects = {

/* Begin PBXBuildFile section */
		A6CF2B4B2680C78200FDD65A /* DailyLeetCode.h in Headers */ = {isa = PBXBuildFile; fileRef = A6CF2B3D2680C78200FDD65A /* DailyLeetCode.h */; settings = {ATTRIBUTES = (Public, ); }; };
		A6CF2B8D2680C95600FDD65A /* Compatible.swift in Sources */ = {isa = PBXBuildFile; fileRef = A6CF2B8C2680C95600FDD65A /* Compatible.swift */; };
		A6CF2B9B2680CE1400FDD65A /* DailyLeetCode.framework in Frameworks */ = {isa = PBXBuildFile; fileRef = A6CF2B3A2680C78200FDD65A /* DailyLeetCode.framework */; };
		A6CF2BAF2680CFF800FDD65A /* WeiSolution.framework in Frameworks */ = {isa = PBXBuildFile; fileRef = A6CF2BA62680CFF800FDD65A /* WeiSolution.framework */; };
		A6CF2BB42680CFF800FDD65A /* WeiSolutionTests.swift in Sources */ = {isa = PBXBuildFile; fileRef = A6CF2BB32680CFF800FDD65A /* WeiSolutionTests.swift */; };
		A6CF2BB62680CFF800FDD65A /* WeiSolution.h in Headers */ = {isa = PBXBuildFile; fileRef = A6CF2BA82680CFF800FDD65A /* WeiSolution.h */; settings = {ATTRIBUTES = (Public, ); }; };
		A6CF2BCB2680D00800FDD65A /* SavannahSolution.framework in Frameworks */ = {isa = PBXBuildFile; fileRef = A6CF2BC22680D00800FDD65A /* SavannahSolution.framework */; };
		A6CF2BD02680D00800FDD65A /* SavannahSolutionTests.swift in Sources */ = {isa = PBXBuildFile; fileRef = A6CF2BCF2680D00800FDD65A /* SavannahSolutionTests.swift */; };
		A6CF2BD22680D00800FDD65A /* SavannahSolution.h in Headers */ = {isa = PBXBuildFile; fileRef = A6CF2BC42680D00800FDD65A /* SavannahSolution.h */; settings = {ATTRIBUTES = (Public, ); }; };
		A6CF2BDA2680D01300FDD65A /* Solution.swift in Sources */ = {isa = PBXBuildFile; fileRef = A6CF2BD92680D01300FDD65A /* Solution.swift */; };
		A6CF2BDC2680D2D300FDD65A /* Solution.swift in Sources */ = {isa = PBXBuildFile; fileRef = A6CF2BDB2680D2D300FDD65A /* Solution.swift */; };
		A6CF2BE22682440C00FDD65A /* 6. ZigZag Conversion.swift in Sources */ = {isa = PBXBuildFile; fileRef = A6CF2BE12682440C00FDD65A /* 6. ZigZag Conversion.swift */; };
		A6CF2BE52682442600FDD65A /* 1. Two Sum.swift in Sources */ = {isa = PBXBuildFile; fileRef = A6CF2BE42682442600FDD65A /* 1. Two Sum.swift */; };
/* End PBXBuildFile section */

/* Begin PBXContainerItemProxy section */
		A6CF2B9C2680CE1400FDD65A /* PBXContainerItemProxy */ = {
			isa = PBXContainerItemProxy;
			containerPortal = A6CF2B312680C78200FDD65A /* Project object */;
			proxyType = 1;
			remoteGlobalIDString = A6CF2B392680C78200FDD65A;
			remoteInfo = DailyLeetCode;
		};
		A6CF2BB02680CFF800FDD65A /* PBXContainerItemProxy */ = {
			isa = PBXContainerItemProxy;
			containerPortal = A6CF2B312680C78200FDD65A /* Project object */;
			proxyType = 1;
			remoteGlobalIDString = A6CF2BA52680CFF800FDD65A;
			remoteInfo = WeiSolution;
		};
		A6CF2BCC2680D00800FDD65A /* PBXContainerItemProxy */ = {
			isa = PBXContainerItemProxy;
			containerPortal = A6CF2B312680C78200FDD65A /* Project object */;
			proxyType = 1;
			remoteGlobalIDString = A6CF2BC12680D00800FDD65A;
			remoteInfo = SavannahSolution;
		};
/* End PBXContainerItemProxy section */

/* Begin PBXFileReference section */
		A6CF2B3A2680C78200FDD65A /* DailyLeetCode.framework */ = {isa = PBXFileReference; explicitFileType = wrapper.framework; includeInIndex = 0; path = DailyLeetCode.framework; sourceTree = BUILT_PRODUCTS_DIR; };
		A6CF2B3D2680C78200FDD65A /* DailyLeetCode.h */ = {isa = PBXFileReference; lastKnownFileType = sourcecode.c.h; path = DailyLeetCode.h; sourceTree = "<group>"; };
		A6CF2B3E2680C78200FDD65A /* Info.plist */ = {isa = PBXFileReference; lastKnownFileType = text.plist.xml; path = Info.plist; sourceTree = "<group>"; };
		A6CF2B592680C8A000FDD65A /* Solution_Wei.framework */ = {isa = PBXFileReference; explicitFileType = wrapper.framework; includeInIndex = 0; path = Solution_Wei.framework; sourceTree = BUILT_PRODUCTS_DIR; };
		A6CF2B752680C8DF00FDD65A /* Solution_Savannah.framework */ = {isa = PBXFileReference; explicitFileType = wrapper.framework; includeInIndex = 0; path = Solution_Savannah.framework; sourceTree = BUILT_PRODUCTS_DIR; };
		A6CF2B8C2680C95600FDD65A /* Compatible.swift */ = {isa = PBXFileReference; lastKnownFileType = sourcecode.swift; path = Compatible.swift; sourceTree = "<group>"; };
		A6CF2B962680CE1400FDD65A /* DailyLeetCodeTests.xctest */ = {isa = PBXFileReference; explicitFileType = wrapper.cfbundle; includeInIndex = 0; path = DailyLeetCodeTests.xctest; sourceTree = BUILT_PRODUCTS_DIR; };
		A6CF2BA62680CFF800FDD65A /* WeiSolution.framework */ = {isa = PBXFileReference; explicitFileType = wrapper.framework; includeInIndex = 0; path = WeiSolution.framework; sourceTree = BUILT_PRODUCTS_DIR; };
		A6CF2BA82680CFF800FDD65A /* WeiSolution.h */ = {isa = PBXFileReference; lastKnownFileType = sourcecode.c.h; path = WeiSolution.h; sourceTree = "<group>"; };
		A6CF2BA92680CFF800FDD65A /* Info.plist */ = {isa = PBXFileReference; lastKnownFileType = text.plist.xml; path = Info.plist; sourceTree = "<group>"; };
		A6CF2BAE2680CFF800FDD65A /* WeiSolutionTests.xctest */ = {isa = PBXFileReference; explicitFileType = wrapper.cfbundle; includeInIndex = 0; path = WeiSolutionTests.xctest; sourceTree = BUILT_PRODUCTS_DIR; };
		A6CF2BB32680CFF800FDD65A /* WeiSolutionTests.swift */ = {isa = PBXFileReference; lastKnownFileType = sourcecode.swift; path = WeiSolutionTests.swift; sourceTree = "<group>"; };
		A6CF2BB52680CFF800FDD65A /* Info.plist */ = {isa = PBXFileReference; lastKnownFileType = text.plist.xml; path = Info.plist; sourceTree = "<group>"; };
		A6CF2BC22680D00800FDD65A /* SavannahSolution.framework */ = {isa = PBXFileReference; explicitFileType = wrapper.framework; includeInIndex = 0; path = SavannahSolution.framework; sourceTree = BUILT_PRODUCTS_DIR; };
		A6CF2BC42680D00800FDD65A /* SavannahSolution.h */ = {isa = PBXFileReference; lastKnownFileType = sourcecode.c.h; path = SavannahSolution.h; sourceTree = "<group>"; };
		A6CF2BC52680D00800FDD65A /* Info.plist */ = {isa = PBXFileReference; lastKnownFileType = text.plist.xml; path = Info.plist; sourceTree = "<group>"; };
		A6CF2BCA2680D00800FDD65A /* SavannahSolutionTests.xctest */ = {isa = PBXFileReference; explicitFileType = wrapper.cfbundle; includeInIndex = 0; path = SavannahSolutionTests.xctest; sourceTree = BUILT_PRODUCTS_DIR; };
		A6CF2BCF2680D00800FDD65A /* SavannahSolutionTests.swift */ = {isa = PBXFileReference; lastKnownFileType = sourcecode.swift; path = SavannahSolutionTests.swift; sourceTree = "<group>"; };
		A6CF2BD12680D00800FDD65A /* Info.plist */ = {isa = PBXFileReference; lastKnownFileType = text.plist.xml; path = Info.plist; sourceTree = "<group>"; };
		A6CF2BD92680D01300FDD65A /* Solution.swift */ = {isa = PBXFileReference; lastKnownFileType = sourcecode.swift; path = Solution.swift; sourceTree = "<group>"; };
		A6CF2BDB2680D2D300FDD65A /* Solution.swift */ = {isa = PBXFileReference; lastKnownFileType = sourcecode.swift; path = Solution.swift; sourceTree = "<group>"; };
		A6CF2BE12682440C00FDD65A /* 6. ZigZag Conversion.swift */ = {isa = PBXFileReference; lastKnownFileType = sourcecode.swift; path = "6. ZigZag Conversion.swift"; sourceTree = "<group>"; };
		A6CF2BE42682442600FDD65A /* 1. Two Sum.swift */ = {isa = PBXFileReference; lastKnownFileType = sourcecode.swift; path = "1. Two Sum.swift"; sourceTree = "<group>"; };
/* End PBXFileReference section */

/* Begin PBXFrameworksBuildPhase section */
		A6CF2B372680C78200FDD65A /* Frameworks */ = {
			isa = PBXFrameworksBuildPhase;
			buildActionMask = 2147483647;
			files = (
			);
			runOnlyForDeploymentPostprocessing = 0;
		};
		A6CF2B562680C8A000FDD65A /* Frameworks */ = {
			isa = PBXFrameworksBuildPhase;
			buildActionMask = 2147483647;
			files = (
			);
			runOnlyForDeploymentPostprocessing = 0;
		};
		A6CF2B722680C8DF00FDD65A /* Frameworks */ = {
			isa = PBXFrameworksBuildPhase;
			buildActionMask = 2147483647;
			files = (
			);
			runOnlyForDeploymentPostprocessing = 0;
		};
		A6CF2B932680CE1400FDD65A /* Frameworks */ = {
			isa = PBXFrameworksBuildPhase;
			buildActionMask = 2147483647;
			files = (
				A6CF2B9B2680CE1400FDD65A /* DailyLeetCode.framework in Frameworks */,
			);
			runOnlyForDeploymentPostprocessing = 0;
		};
		A6CF2BA32680CFF800FDD65A /* Frameworks */ = {
			isa = PBXFrameworksBuildPhase;
			buildActionMask = 2147483647;
			files = (
			);
			runOnlyForDeploymentPostprocessing = 0;
		};
		A6CF2BAB2680CFF800FDD65A /* Frameworks */ = {
			isa = PBXFrameworksBuildPhase;
			buildActionMask = 2147483647;
			files = (
				A6CF2BAF2680CFF800FDD65A /* WeiSolution.framework in Frameworks */,
			);
			runOnlyForDeploymentPostprocessing = 0;
		};
		A6CF2BBF2680D00800FDD65A /* Frameworks */ = {
			isa = PBXFrameworksBuildPhase;
			buildActionMask = 2147483647;
			files = (
			);
			runOnlyForDeploymentPostprocessing = 0;
		};
		A6CF2BC72680D00800FDD65A /* Frameworks */ = {
			isa = PBXFrameworksBuildPhase;
			buildActionMask = 2147483647;
			files = (
				A6CF2BCB2680D00800FDD65A /* SavannahSolution.framework in Frameworks */,
			);
			runOnlyForDeploymentPostprocessing = 0;
		};
/* End PBXFrameworksBuildPhase section */

/* Begin PBXGroup section */
		A6CF2B302680C78200FDD65A = {
			isa = PBXGroup;
			children = (
				A6CF2B3C2680C78200FDD65A /* DailyLeetCode */,
				A6CF2BA72680CFF800FDD65A /* WeiSolution */,
				A6CF2BB22680CFF800FDD65A /* WeiSolutionTests */,
				A6CF2BC32680D00800FDD65A /* SavannahSolution */,
				A6CF2BCE2680D00800FDD65A /* SavannahSolutionTests */,
				A6CF2B3B2680C78200FDD65A /* Products */,
			);
			sourceTree = "<group>";
		};
		A6CF2B3B2680C78200FDD65A /* Products */ = {
			isa = PBXGroup;
			children = (
				A6CF2B3A2680C78200FDD65A /* DailyLeetCode.framework */,
				A6CF2B592680C8A000FDD65A /* Solution_Wei.framework */,
				A6CF2B752680C8DF00FDD65A /* Solution_Savannah.framework */,
				A6CF2B962680CE1400FDD65A /* DailyLeetCodeTests.xctest */,
				A6CF2BA62680CFF800FDD65A /* WeiSolution.framework */,
				A6CF2BAE2680CFF800FDD65A /* WeiSolutionTests.xctest */,
				A6CF2BC22680D00800FDD65A /* SavannahSolution.framework */,
				A6CF2BCA2680D00800FDD65A /* SavannahSolutionTests.xctest */,
			);
			name = Products;
			sourceTree = "<group>";
		};
		A6CF2B3C2680C78200FDD65A /* DailyLeetCode */ = {
			isa = PBXGroup;
			children = (
				A6CF2BE32682441700FDD65A /* Easy */,
				A6CF2BE0268243EA00FDD65A /* Medium */,
				A6CF2B3D2680C78200FDD65A /* DailyLeetCode.h */,
				A6CF2B3E2680C78200FDD65A /* Info.plist */,
				A6CF2B8C2680C95600FDD65A /* Compatible.swift */,
			);
			path = DailyLeetCode;
			sourceTree = "<group>";
		};
		A6CF2BA72680CFF800FDD65A /* WeiSolution */ = {
			isa = PBXGroup;
			children = (
				A6CF2BA82680CFF800FDD65A /* WeiSolution.h */,
				A6CF2BA92680CFF800FDD65A /* Info.plist */,
				A6CF2BD92680D01300FDD65A /* Solution.swift */,
			);
			path = WeiSolution;
			sourceTree = "<group>";
		};
		A6CF2BB22680CFF800FDD65A /* WeiSolutionTests */ = {
			isa = PBXGroup;
			children = (
				A6CF2BB32680CFF800FDD65A /* WeiSolutionTests.swift */,
				A6CF2BB52680CFF800FDD65A /* Info.plist */,
			);
			path = WeiSolutionTests;
			sourceTree = "<group>";
		};
		A6CF2BC32680D00800FDD65A /* SavannahSolution */ = {
			isa = PBXGroup;
			children = (
				A6CF2BC42680D00800FDD65A /* SavannahSolution.h */,
				A6CF2BC52680D00800FDD65A /* Info.plist */,
				A6CF2BDB2680D2D300FDD65A /* Solution.swift */,
			);
			path = SavannahSolution;
			sourceTree = "<group>";
		};
		A6CF2BCE2680D00800FDD65A /* SavannahSolutionTests */ = {
			isa = PBXGroup;
			children = (
				A6CF2BCF2680D00800FDD65A /* SavannahSolutionTests.swift */,
				A6CF2BD12680D00800FDD65A /* Info.plist */,
			);
			path = SavannahSolutionTests;
			sourceTree = "<group>";
		};
		A6CF2BE0268243EA00FDD65A /* Medium */ = {
			isa = PBXGroup;
			children = (
				A6CF2BE12682440C00FDD65A /* 6. ZigZag Conversion.swift */,
			);
			path = Medium;
			sourceTree = "<group>";
		};
		A6CF2BE32682441700FDD65A /* Easy */ = {
			isa = PBXGroup;
			children = (
				A6CF2BE42682442600FDD65A /* 1. Two Sum.swift */,
			);
			path = Easy;
			sourceTree = "<group>";
		};
/* End PBXGroup section */

/* Begin PBXHeadersBuildPhase section */
		A6CF2B352680C78200FDD65A /* Headers */ = {
			isa = PBXHeadersBuildPhase;
			buildActionMask = 2147483647;
			files = (
				A6CF2B4B2680C78200FDD65A /* DailyLeetCode.h in Headers */,
			);
			runOnlyForDeploymentPostprocessing = 0;
		};
		A6CF2B542680C8A000FDD65A /* Headers */ = {
			isa = PBXHeadersBuildPhase;
			buildActionMask = 2147483647;
			files = (
			);
			runOnlyForDeploymentPostprocessing = 0;
		};
		A6CF2B702680C8DF00FDD65A /* Headers */ = {
			isa = PBXHeadersBuildPhase;
			buildActionMask = 2147483647;
			files = (
			);
			runOnlyForDeploymentPostprocessing = 0;
		};
		A6CF2BA12680CFF800FDD65A /* Headers */ = {
			isa = PBXHeadersBuildPhase;
			buildActionMask = 2147483647;
			files = (
				A6CF2BB62680CFF800FDD65A /* WeiSolution.h in Headers */,
			);
			runOnlyForDeploymentPostprocessing = 0;
		};
		A6CF2BBD2680D00800FDD65A /* Headers */ = {
			isa = PBXHeadersBuildPhase;
			buildActionMask = 2147483647;
			files = (
				A6CF2BD22680D00800FDD65A /* SavannahSolution.h in Headers */,
			);
			runOnlyForDeploymentPostprocessing = 0;
		};
/* End PBXHeadersBuildPhase section */

/* Begin PBXNativeTarget section */
		A6CF2B392680C78200FDD65A /* DailyLeetCode */ = {
			isa = PBXNativeTarget;
			buildConfigurationList = A6CF2B4E2680C78200FDD65A /* Build configuration list for PBXNativeTarget "DailyLeetCode" */;
			buildPhases = (
				A6CF2B352680C78200FDD65A /* Headers */,
				A6CF2B362680C78200FDD65A /* Sources */,
				A6CF2B372680C78200FDD65A /* Frameworks */,
				A6CF2B382680C78200FDD65A /* Resources */,
			);
			buildRules = (
			);
			dependencies = (
			);
			name = DailyLeetCode;
			productName = DailyLeetCode;
			productReference = A6CF2B3A2680C78200FDD65A /* DailyLeetCode.framework */;
			productType = "com.apple.product-type.framework";
		};
		A6CF2B582680C8A000FDD65A /* Solution-Wei */ = {
			isa = PBXNativeTarget;
			buildConfigurationList = A6CF2B6E2680C8A000FDD65A /* Build configuration list for PBXNativeTarget "Solution-Wei" */;
			buildPhases = (
				A6CF2B542680C8A000FDD65A /* Headers */,
				A6CF2B552680C8A000FDD65A /* Sources */,
				A6CF2B562680C8A000FDD65A /* Frameworks */,
				A6CF2B572680C8A000FDD65A /* Resources */,
			);
			buildRules = (
			);
			dependencies = (
			);
			name = "Solution-Wei";
			productName = "Solution-Wei";
			productReference = A6CF2B592680C8A000FDD65A /* Solution_Wei.framework */;
			productType = "com.apple.product-type.framework";
		};
		A6CF2B742680C8DF00FDD65A /* Solution-Savannah */ = {
			isa = PBXNativeTarget;
			buildConfigurationList = A6CF2B862680C8DF00FDD65A /* Build configuration list for PBXNativeTarget "Solution-Savannah" */;
			buildPhases = (
				A6CF2B702680C8DF00FDD65A /* Headers */,
				A6CF2B712680C8DF00FDD65A /* Sources */,
				A6CF2B722680C8DF00FDD65A /* Frameworks */,
				A6CF2B732680C8DF00FDD65A /* Resources */,
			);
			buildRules = (
			);
			dependencies = (
			);
			name = "Solution-Savannah";
			productName = "Solution-Savannah";
			productReference = A6CF2B752680C8DF00FDD65A /* Solution_Savannah.framework */;
			productType = "com.apple.product-type.framework";
		};
		A6CF2B952680CE1400FDD65A /* DailyLeetCodeTests */ = {
			isa = PBXNativeTarget;
			buildConfigurationList = A6CF2B9E2680CE1400FDD65A /* Build configuration list for PBXNativeTarget "DailyLeetCodeTests" */;
			buildPhases = (
				A6CF2B922680CE1400FDD65A /* Sources */,
				A6CF2B932680CE1400FDD65A /* Frameworks */,
				A6CF2B942680CE1400FDD65A /* Resources */,
			);
			buildRules = (
			);
			dependencies = (
				A6CF2B9D2680CE1400FDD65A /* PBXTargetDependency */,
			);
			name = DailyLeetCodeTests;
			productName = DailyLeetCodeTests;
			productReference = A6CF2B962680CE1400FDD65A /* DailyLeetCodeTests.xctest */;
			productType = "com.apple.product-type.bundle.unit-test";
		};
		A6CF2BA52680CFF800FDD65A /* WeiSolution */ = {
			isa = PBXNativeTarget;
			buildConfigurationList = A6CF2BB72680CFF800FDD65A /* Build configuration list for PBXNativeTarget "WeiSolution" */;
			buildPhases = (
				A6CF2BA12680CFF800FDD65A /* Headers */,
				A6CF2BA22680CFF800FDD65A /* Sources */,
				A6CF2BA32680CFF800FDD65A /* Frameworks */,
				A6CF2BA42680CFF800FDD65A /* Resources */,
			);
			buildRules = (
			);
			dependencies = (
			);
			name = WeiSolution;
			productName = WeiSolution;
			productReference = A6CF2BA62680CFF800FDD65A /* WeiSolution.framework */;
			productType = "com.apple.product-type.framework";
		};
		A6CF2BAD2680CFF800FDD65A /* WeiSolutionTests */ = {
			isa = PBXNativeTarget;
			buildConfigurationList = A6CF2BBA2680CFF800FDD65A /* Build configuration list for PBXNativeTarget "WeiSolutionTests" */;
			buildPhases = (
				A6CF2BAA2680CFF800FDD65A /* Sources */,
				A6CF2BAB2680CFF800FDD65A /* Frameworks */,
				A6CF2BAC2680CFF800FDD65A /* Resources */,
			);
			buildRules = (
			);
			dependencies = (
				A6CF2BB12680CFF800FDD65A /* PBXTargetDependency */,
			);
			name = WeiSolutionTests;
			productName = WeiSolutionTests;
			productReference = A6CF2BAE2680CFF800FDD65A /* WeiSolutionTests.xctest */;
			productType = "com.apple.product-type.bundle.unit-test";
		};
		A6CF2BC12680D00800FDD65A /* SavannahSolution */ = {
			isa = PBXNativeTarget;
			buildConfigurationList = A6CF2BD32680D00800FDD65A /* Build configuration list for PBXNativeTarget "SavannahSolution" */;
			buildPhases = (
				A6CF2BBD2680D00800FDD65A /* Headers */,
				A6CF2BBE2680D00800FDD65A /* Sources */,
				A6CF2BBF2680D00800FDD65A /* Frameworks */,
				A6CF2BC02680D00800FDD65A /* Resources */,
			);
			buildRules = (
			);
			dependencies = (
			);
			name = SavannahSolution;
			productName = SavannahSolution;
			productReference = A6CF2BC22680D00800FDD65A /* SavannahSolution.framework */;
			productType = "com.apple.product-type.framework";
		};
		A6CF2BC92680D00800FDD65A /* SavannahSolutionTests */ = {
			isa = PBXNativeTarget;
			buildConfigurationList = A6CF2BD62680D00800FDD65A /* Build configuration list for PBXNativeTarget "SavannahSolutionTests" */;
			buildPhases = (
				A6CF2BC62680D00800FDD65A /* Sources */,
				A6CF2BC72680D00800FDD65A /* Frameworks */,
				A6CF2BC82680D00800FDD65A /* Resources */,
			);
			buildRules = (
			);
			dependencies = (
				A6CF2BCD2680D00800FDD65A /* PBXTargetDependency */,
			);
			name = SavannahSolutionTests;
			productName = SavannahSolutionTests;
			productReference = A6CF2BCA2680D00800FDD65A /* SavannahSolutionTests.xctest */;
			productType = "com.apple.product-type.bundle.unit-test";
		};
/* End PBXNativeTarget section */

/* Begin PBXProject section */
		A6CF2B312680C78200FDD65A /* Project object */ = {
			isa = PBXProject;
			attributes = {
				LastSwiftUpdateCheck = 1250;
				LastUpgradeCheck = 1250;
				TargetAttributes = {
					A6CF2B392680C78200FDD65A = {
						CreatedOnToolsVersion = 12.5;
						LastSwiftMigration = 1250;
					};
					A6CF2B582680C8A000FDD65A = {
						CreatedOnToolsVersion = 12.5;
						LastSwiftMigration = 1250;
					};
					A6CF2B742680C8DF00FDD65A = {
						CreatedOnToolsVersion = 12.5;
					};
					A6CF2B952680CE1400FDD65A = {
						CreatedOnToolsVersion = 12.5;
					};
					A6CF2BA52680CFF800FDD65A = {
						CreatedOnToolsVersion = 12.5;
						LastSwiftMigration = 1250;
					};
					A6CF2BAD2680CFF800FDD65A = {
						CreatedOnToolsVersion = 12.5;
					};
					A6CF2BC12680D00800FDD65A = {
						CreatedOnToolsVersion = 12.5;
						LastSwiftMigration = 1250;
					};
					A6CF2BC92680D00800FDD65A = {
						CreatedOnToolsVersion = 12.5;
					};
				};
			};
			buildConfigurationList = A6CF2B342680C78200FDD65A /* Build configuration list for PBXProject "DailyLeetCode" */;
			compatibilityVersion = "Xcode 9.3";
			developmentRegion = en;
			hasScannedForEncodings = 0;
			knownRegions = (
				en,
				Base,
			);
			mainGroup = A6CF2B302680C78200FDD65A;
			productRefGroup = A6CF2B3B2680C78200FDD65A /* Products */;
			projectDirPath = "";
			projectRoot = "";
			targets = (
				A6CF2B392680C78200FDD65A /* DailyLeetCode */,
				A6CF2B582680C8A000FDD65A /* Solution-Wei */,
				A6CF2B742680C8DF00FDD65A /* Solution-Savannah */,
				A6CF2B952680CE1400FDD65A /* DailyLeetCodeTests */,
				A6CF2BA52680CFF800FDD65A /* WeiSolution */,
				A6CF2BAD2680CFF800FDD65A /* WeiSolutionTests */,
				A6CF2BC12680D00800FDD65A /* SavannahSolution */,
				A6CF2BC92680D00800FDD65A /* SavannahSolutionTests */,
			);
		};
/* End PBXProject section */

/* Begin PBXResourcesBuildPhase section */
		A6CF2B382680C78200FDD65A /* Resources */ = {
			isa = PBXResourcesBuildPhase;
			buildActionMask = 2147483647;
			files = (
			);
			runOnlyForDeploymentPostprocessing = 0;
		};
		A6CF2B572680C8A000FDD65A /* Resources */ = {
			isa = PBXResourcesBuildPhase;
			buildActionMask = 2147483647;
			files = (
			);
			runOnlyForDeploymentPostprocessing = 0;
		};
		A6CF2B732680C8DF00FDD65A /* Resources */ = {
			isa = PBXResourcesBuildPhase;
			buildActionMask = 2147483647;
			files = (
			);
			runOnlyForDeploymentPostprocessing = 0;
		};
		A6CF2B942680CE1400FDD65A /* Resources */ = {
			isa = PBXResourcesBuildPhase;
			buildActionMask = 2147483647;
			files = (
			);
			runOnlyForDeploymentPostprocessing = 0;
		};
		A6CF2BA42680CFF800FDD65A /* Resources */ = {
			isa = PBXResourcesBuildPhase;
			buildActionMask = 2147483647;
			files = (
			);
			runOnlyForDeploymentPostprocessing = 0;
		};
		A6CF2BAC2680CFF800FDD65A /* Resources */ = {
			isa = PBXResourcesBuildPhase;
			buildActionMask = 2147483647;
			files = (
			);
			runOnlyForDeploymentPostprocessing = 0;
		};
		A6CF2BC02680D00800FDD65A /* Resources */ = {
			isa = PBXResourcesBuildPhase;
			buildActionMask = 2147483647;
			files = (
			);
			runOnlyForDeploymentPostprocessing = 0;
		};
		A6CF2BC82680D00800FDD65A /* Resources */ = {
			isa = PBXResourcesBuildPhase;
			buildActionMask = 2147483647;
			files = (
			);
			runOnlyForDeploymentPostprocessing = 0;
		};
/* End PBXResourcesBuildPhase section */

/* Begin PBXSourcesBuildPhase section */
		A6CF2B362680C78200FDD65A /* Sources */ = {
			isa = PBXSourcesBuildPhase;
			buildActionMask = 2147483647;
			files = (
				A6CF2BE52682442600FDD65A /* 1. Two Sum.swift in Sources */,
				A6CF2B8D2680C95600FDD65A /* Compatible.swift in Sources */,
				A6CF2BE22682440C00FDD65A /* 6. ZigZag Conversion.swift in Sources */,
			);
			runOnlyForDeploymentPostprocessing = 0;
		};
		A6CF2B552680C8A000FDD65A /* Sources */ = {
			isa = PBXSourcesBuildPhase;
			buildActionMask = 2147483647;
			files = (
			);
			runOnlyForDeploymentPostprocessing = 0;
		};
		A6CF2B712680C8DF00FDD65A /* Sources */ = {
			isa = PBXSourcesBuildPhase;
			buildActionMask = 2147483647;
			files = (
			);
			runOnlyForDeploymentPostprocessing = 0;
		};
		A6CF2B922680CE1400FDD65A /* Sources */ = {
			isa = PBXSourcesBuildPhase;
			buildActionMask = 2147483647;
			files = (
			);
			runOnlyForDeploymentPostprocessing = 0;
		};
		A6CF2BA22680CFF800FDD65A /* Sources */ = {
			isa = PBXSourcesBuildPhase;
			buildActionMask = 2147483647;
			files = (
				A6CF2BDA2680D01300FDD65A /* Solution.swift in Sources */,
			);
			runOnlyForDeploymentPostprocessing = 0;
		};
		A6CF2BAA2680CFF800FDD65A /* Sources */ = {
			isa = PBXSourcesBuildPhase;
			buildActionMask = 2147483647;
			files = (
				A6CF2BB42680CFF800FDD65A /* WeiSolutionTests.swift in Sources */,
			);
			runOnlyForDeploymentPostprocessing = 0;
		};
		A6CF2BBE2680D00800FDD65A /* Sources */ = {
			isa = PBXSourcesBuildPhase;
			buildActionMask = 2147483647;
			files = (
				A6CF2BDC2680D2D300FDD65A /* Solution.swift in Sources */,
			);
			runOnlyForDeploymentPostprocessing = 0;
		};
		A6CF2BC62680D00800FDD65A /* Sources */ = {
			isa = PBXSourcesBuildPhase;
			buildActionMask = 2147483647;
			files = (
				A6CF2BD02680D00800FDD65A /* SavannahSolutionTests.swift in Sources */,
			);
			runOnlyForDeploymentPostprocessing = 0;
		};
/* End PBXSourcesBuildPhase section */

/* Begin PBXTargetDependency section */
		A6CF2B9D2680CE1400FDD65A /* PBXTargetDependency */ = {
			isa = PBXTargetDependency;
			target = A6CF2B392680C78200FDD65A /* DailyLeetCode */;
			targetProxy = A6CF2B9C2680CE1400FDD65A /* PBXContainerItemProxy */;
		};
		A6CF2BB12680CFF800FDD65A /* PBXTargetDependency */ = {
			isa = PBXTargetDependency;
			target = A6CF2BA52680CFF800FDD65A /* WeiSolution */;
			targetProxy = A6CF2BB02680CFF800FDD65A /* PBXContainerItemProxy */;
		};
		A6CF2BCD2680D00800FDD65A /* PBXTargetDependency */ = {
			isa = PBXTargetDependency;
			target = A6CF2BC12680D00800FDD65A /* SavannahSolution */;
			targetProxy = A6CF2BCC2680D00800FDD65A /* PBXContainerItemProxy */;
		};
/* End PBXTargetDependency section */

/* Begin XCBuildConfiguration section */
		A6CF2B4C2680C78200FDD65A /* Debug */ = {
			isa = XCBuildConfiguration;
			buildSettings = {
				ALWAYS_SEARCH_USER_PATHS = NO;
				CLANG_ANALYZER_NONNULL = YES;
				CLANG_ANALYZER_NUMBER_OBJECT_CONVERSION = YES_AGGRESSIVE;
				CLANG_CXX_LANGUAGE_STANDARD = "gnu++14";
				CLANG_CXX_LIBRARY = "libc++";
				CLANG_ENABLE_MODULES = YES;
				CLANG_ENABLE_OBJC_ARC = YES;
				CLANG_ENABLE_OBJC_WEAK = YES;
				CLANG_WARN_BLOCK_CAPTURE_AUTORELEASING = YES;
				CLANG_WARN_BOOL_CONVERSION = YES;
				CLANG_WARN_COMMA = YES;
				CLANG_WARN_CONSTANT_CONVERSION = YES;
				CLANG_WARN_DEPRECATED_OBJC_IMPLEMENTATIONS = YES;
				CLANG_WARN_DIRECT_OBJC_ISA_USAGE = YES_ERROR;
				CLANG_WARN_DOCUMENTATION_COMMENTS = YES;
				CLANG_WARN_EMPTY_BODY = YES;
				CLANG_WARN_ENUM_CONVERSION = YES;
				CLANG_WARN_INFINITE_RECURSION = YES;
				CLANG_WARN_INT_CONVERSION = YES;
				CLANG_WARN_NON_LITERAL_NULL_CONVERSION = YES;
				CLANG_WARN_OBJC_IMPLICIT_RETAIN_SELF = YES;
				CLANG_WARN_OBJC_LITERAL_CONVERSION = YES;
				CLANG_WARN_OBJC_ROOT_CLASS = YES_ERROR;
				CLANG_WARN_QUOTED_INCLUDE_IN_FRAMEWORK_HEADER = YES;
				CLANG_WARN_RANGE_LOOP_ANALYSIS = YES;
				CLANG_WARN_STRICT_PROTOTYPES = YES;
				CLANG_WARN_SUSPICIOUS_MOVE = YES;
				CLANG_WARN_UNGUARDED_AVAILABILITY = YES_AGGRESSIVE;
				CLANG_WARN_UNREACHABLE_CODE = YES;
				CLANG_WARN__DUPLICATE_METHOD_MATCH = YES;
				COPY_PHASE_STRIP = NO;
				CURRENT_PROJECT_VERSION = 1;
				DEBUG_INFORMATION_FORMAT = dwarf;
				ENABLE_STRICT_OBJC_MSGSEND = YES;
				ENABLE_TESTABILITY = YES;
				GCC_C_LANGUAGE_STANDARD = gnu11;
				GCC_DYNAMIC_NO_PIC = NO;
				GCC_NO_COMMON_BLOCKS = YES;
				GCC_OPTIMIZATION_LEVEL = 0;
				GCC_PREPROCESSOR_DEFINITIONS = (
					"DEBUG=1",
					"$(inherited)",
				);
				GCC_WARN_64_TO_32_BIT_CONVERSION = YES;
				GCC_WARN_ABOUT_RETURN_TYPE = YES_ERROR;
				GCC_WARN_UNDECLARED_SELECTOR = YES;
				GCC_WARN_UNINITIALIZED_AUTOS = YES_AGGRESSIVE;
				GCC_WARN_UNUSED_FUNCTION = YES;
				GCC_WARN_UNUSED_VARIABLE = YES;
				IPHONEOS_DEPLOYMENT_TARGET = 14.5;
				MTL_ENABLE_DEBUG_INFO = INCLUDE_SOURCE;
				MTL_FAST_MATH = YES;
				ONLY_ACTIVE_ARCH = YES;
				SDKROOT = iphoneos;
				SWIFT_ACTIVE_COMPILATION_CONDITIONS = DEBUG;
				SWIFT_OPTIMIZATION_LEVEL = "-Onone";
				VERSIONING_SYSTEM = "apple-generic";
				VERSION_INFO_PREFIX = "";
			};
			name = Debug;
		};
		A6CF2B4D2680C78200FDD65A /* Release */ = {
			isa = XCBuildConfiguration;
			buildSettings = {
				ALWAYS_SEARCH_USER_PATHS = NO;
				CLANG_ANALYZER_NONNULL = YES;
				CLANG_ANALYZER_NUMBER_OBJECT_CONVERSION = YES_AGGRESSIVE;
				CLANG_CXX_LANGUAGE_STANDARD = "gnu++14";
				CLANG_CXX_LIBRARY = "libc++";
				CLANG_ENABLE_MODULES = YES;
				CLANG_ENABLE_OBJC_ARC = YES;
				CLANG_ENABLE_OBJC_WEAK = YES;
				CLANG_WARN_BLOCK_CAPTURE_AUTORELEASING = YES;
				CLANG_WARN_BOOL_CONVERSION = YES;
				CLANG_WARN_COMMA = YES;
				CLANG_WARN_CONSTANT_CONVERSION = YES;
				CLANG_WARN_DEPRECATED_OBJC_IMPLEMENTATIONS = YES;
				CLANG_WARN_DIRECT_OBJC_ISA_USAGE = YES_ERROR;
				CLANG_WARN_DOCUMENTATION_COMMENTS = YES;
				CLANG_WARN_EMPTY_BODY = YES;
				CLANG_WARN_ENUM_CONVERSION = YES;
				CLANG_WARN_INFINITE_RECURSION = YES;
				CLANG_WARN_INT_CONVERSION = YES;
				CLANG_WARN_NON_LITERAL_NULL_CONVERSION = YES;
				CLANG_WARN_OBJC_IMPLICIT_RETAIN_SELF = YES;
				CLANG_WARN_OBJC_LITERAL_CONVERSION = YES;
				CLANG_WARN_OBJC_ROOT_CLASS = YES_ERROR;
				CLANG_WARN_QUOTED_INCLUDE_IN_FRAMEWORK_HEADER = YES;
				CLANG_WARN_RANGE_LOOP_ANALYSIS = YES;
				CLANG_WARN_STRICT_PROTOTYPES = YES;
				CLANG_WARN_SUSPICIOUS_MOVE = YES;
				CLANG_WARN_UNGUARDED_AVAILABILITY = YES_AGGRESSIVE;
				CLANG_WARN_UNREACHABLE_CODE = YES;
				CLANG_WARN__DUPLICATE_METHOD_MATCH = YES;
				COPY_PHASE_STRIP = NO;
				CURRENT_PROJECT_VERSION = 1;
				DEBUG_INFORMATION_FORMAT = "dwarf-with-dsym";
				ENABLE_NS_ASSERTIONS = NO;
				ENABLE_STRICT_OBJC_MSGSEND = YES;
				GCC_C_LANGUAGE_STANDARD = gnu11;
				GCC_NO_COMMON_BLOCKS = YES;
				GCC_WARN_64_TO_32_BIT_CONVERSION = YES;
				GCC_WARN_ABOUT_RETURN_TYPE = YES_ERROR;
				GCC_WARN_UNDECLARED_SELECTOR = YES;
				GCC_WARN_UNINITIALIZED_AUTOS = YES_AGGRESSIVE;
				GCC_WARN_UNUSED_FUNCTION = YES;
				GCC_WARN_UNUSED_VARIABLE = YES;
				IPHONEOS_DEPLOYMENT_TARGET = 14.5;
				MTL_ENABLE_DEBUG_INFO = NO;
				MTL_FAST_MATH = YES;
				SDKROOT = iphoneos;
				SWIFT_COMPILATION_MODE = wholemodule;
				SWIFT_OPTIMIZATION_LEVEL = "-O";
				VALIDATE_PRODUCT = YES;
				VERSIONING_SYSTEM = "apple-generic";
				VERSION_INFO_PREFIX = "";
			};
			name = Release;
		};
		A6CF2B4F2680C78200FDD65A /* Debug */ = {
			isa = XCBuildConfiguration;
			buildSettings = {
				CLANG_ENABLE_MODULES = YES;
				CODE_SIGN_STYLE = Automatic;
				DEFINES_MODULE = YES;
				DEVELOPMENT_TEAM = DS7FNLNW4K;
				DYLIB_COMPATIBILITY_VERSION = 1;
				DYLIB_CURRENT_VERSION = 1;
				DYLIB_INSTALL_NAME_BASE = "@rpath";
				INFOPLIST_FILE = DailyLeetCode/Info.plist;
				INSTALL_PATH = "$(LOCAL_LIBRARY_DIR)/Frameworks";
				LD_RUNPATH_SEARCH_PATHS = (
					"$(inherited)",
					"@executable_path/Frameworks",
					"@loader_path/Frameworks",
				);
				PRODUCT_BUNDLE_IDENTIFIER = com.zw.DailyLeetCode;
				PRODUCT_NAME = "$(TARGET_NAME:c99extidentifier)";
				SKIP_INSTALL = YES;
				SWIFT_OPTIMIZATION_LEVEL = "-Onone";
				SWIFT_VERSION = 5.0;
				TARGETED_DEVICE_FAMILY = "1,2";
			};
			name = Debug;
		};
		A6CF2B502680C78200FDD65A /* Release */ = {
			isa = XCBuildConfiguration;
			buildSettings = {
				CLANG_ENABLE_MODULES = YES;
				CODE_SIGN_STYLE = Automatic;
				DEFINES_MODULE = YES;
				DEVELOPMENT_TEAM = DS7FNLNW4K;
				DYLIB_COMPATIBILITY_VERSION = 1;
				DYLIB_CURRENT_VERSION = 1;
				DYLIB_INSTALL_NAME_BASE = "@rpath";
				INFOPLIST_FILE = DailyLeetCode/Info.plist;
				INSTALL_PATH = "$(LOCAL_LIBRARY_DIR)/Frameworks";
				LD_RUNPATH_SEARCH_PATHS = (
					"$(inherited)",
					"@executable_path/Frameworks",
					"@loader_path/Frameworks",
				);
				PRODUCT_BUNDLE_IDENTIFIER = com.zw.DailyLeetCode;
				PRODUCT_NAME = "$(TARGET_NAME:c99extidentifier)";
				SKIP_INSTALL = YES;
				SWIFT_VERSION = 5.0;
				TARGETED_DEVICE_FAMILY = "1,2";
			};
			name = Release;
		};
		A6CF2B6A2680C8A000FDD65A /* Debug */ = {
			isa = XCBuildConfiguration;
			buildSettings = {
				CLANG_ENABLE_MODULES = YES;
				CODE_SIGN_STYLE = Automatic;
				DEFINES_MODULE = YES;
				DEVELOPMENT_TEAM = DS7FNLNW4K;
				DYLIB_COMPATIBILITY_VERSION = 1;
				DYLIB_CURRENT_VERSION = 1;
				DYLIB_INSTALL_NAME_BASE = "@rpath";
				INFOPLIST_FILE = "Solution-Wei/Info.plist";
				INSTALL_PATH = "$(LOCAL_LIBRARY_DIR)/Frameworks";
				LD_RUNPATH_SEARCH_PATHS = (
					"$(inherited)",
					"@executable_path/Frameworks",
					"@loader_path/Frameworks",
				);
				PRODUCT_BUNDLE_IDENTIFIER = "com.zw.Solution-Wei";
				PRODUCT_NAME = "$(TARGET_NAME:c99extidentifier)";
				SKIP_INSTALL = YES;
				SWIFT_OPTIMIZATION_LEVEL = "-Onone";
				SWIFT_VERSION = 5.0;
				TARGETED_DEVICE_FAMILY = "1,2";
			};
			name = Debug;
		};
		A6CF2B6B2680C8A000FDD65A /* Release */ = {
			isa = XCBuildConfiguration;
			buildSettings = {
				CLANG_ENABLE_MODULES = YES;
				CODE_SIGN_STYLE = Automatic;
				DEFINES_MODULE = YES;
				DEVELOPMENT_TEAM = DS7FNLNW4K;
				DYLIB_COMPATIBILITY_VERSION = 1;
				DYLIB_CURRENT_VERSION = 1;
				DYLIB_INSTALL_NAME_BASE = "@rpath";
				INFOPLIST_FILE = "Solution-Wei/Info.plist";
				INSTALL_PATH = "$(LOCAL_LIBRARY_DIR)/Frameworks";
				LD_RUNPATH_SEARCH_PATHS = (
					"$(inherited)",
					"@executable_path/Frameworks",
					"@loader_path/Frameworks",
				);
				PRODUCT_BUNDLE_IDENTIFIER = "com.zw.Solution-Wei";
				PRODUCT_NAME = "$(TARGET_NAME:c99extidentifier)";
				SKIP_INSTALL = YES;
				SWIFT_VERSION = 5.0;
				TARGETED_DEVICE_FAMILY = "1,2";
			};
			name = Release;
		};
		A6CF2B872680C8DF00FDD65A /* Debug */ = {
			isa = XCBuildConfiguration;
			buildSettings = {
				CODE_SIGN_STYLE = Automatic;
				DEFINES_MODULE = YES;
				DEVELOPMENT_TEAM = DS7FNLNW4K;
				DYLIB_COMPATIBILITY_VERSION = 1;
				DYLIB_CURRENT_VERSION = 1;
				DYLIB_INSTALL_NAME_BASE = "@rpath";
				INFOPLIST_FILE = "Solution-Savannah/Info.plist";
				INSTALL_PATH = "$(LOCAL_LIBRARY_DIR)/Frameworks";
				LD_RUNPATH_SEARCH_PATHS = (
					"$(inherited)",
					"@executable_path/Frameworks",
					"@loader_path/Frameworks",
				);
				PRODUCT_BUNDLE_IDENTIFIER = "com.zw.Solution-Savannah";
				PRODUCT_NAME = "$(TARGET_NAME:c99extidentifier)";
				SKIP_INSTALL = YES;
				SWIFT_VERSION = 5.0;
				TARGETED_DEVICE_FAMILY = "1,2";
			};
			name = Debug;
		};
		A6CF2B882680C8DF00FDD65A /* Release */ = {
			isa = XCBuildConfiguration;
			buildSettings = {
				CODE_SIGN_STYLE = Automatic;
				DEFINES_MODULE = YES;
				DEVELOPMENT_TEAM = DS7FNLNW4K;
				DYLIB_COMPATIBILITY_VERSION = 1;
				DYLIB_CURRENT_VERSION = 1;
				DYLIB_INSTALL_NAME_BASE = "@rpath";
				INFOPLIST_FILE = "Solution-Savannah/Info.plist";
				INSTALL_PATH = "$(LOCAL_LIBRARY_DIR)/Frameworks";
				LD_RUNPATH_SEARCH_PATHS = (
					"$(inherited)",
					"@executable_path/Frameworks",
					"@loader_path/Frameworks",
				);
				PRODUCT_BUNDLE_IDENTIFIER = "com.zw.Solution-Savannah";
				PRODUCT_NAME = "$(TARGET_NAME:c99extidentifier)";
				SKIP_INSTALL = YES;
				SWIFT_VERSION = 5.0;
				TARGETED_DEVICE_FAMILY = "1,2";
			};
			name = Release;
		};
		A6CF2B9F2680CE1400FDD65A /* Debug */ = {
			isa = XCBuildConfiguration;
			buildSettings = {
				CODE_SIGN_STYLE = Automatic;
				DEVELOPMENT_TEAM = DS7FNLNW4K;
				INFOPLIST_FILE = DailyLeetCodeTests/Info.plist;
				LD_RUNPATH_SEARCH_PATHS = (
					"$(inherited)",
					"@executable_path/Frameworks",
					"@loader_path/Frameworks",
				);
				PRODUCT_BUNDLE_IDENTIFIER = com.zw.DailyLeetCodeTests;
				PRODUCT_NAME = "$(TARGET_NAME)";
				SWIFT_VERSION = 5.0;
				TARGETED_DEVICE_FAMILY = "1,2";
			};
			name = Debug;
		};
		A6CF2BA02680CE1400FDD65A /* Release */ = {
			isa = XCBuildConfiguration;
			buildSettings = {
				CODE_SIGN_STYLE = Automatic;
				DEVELOPMENT_TEAM = DS7FNLNW4K;
				INFOPLIST_FILE = DailyLeetCodeTests/Info.plist;
				LD_RUNPATH_SEARCH_PATHS = (
					"$(inherited)",
					"@executable_path/Frameworks",
					"@loader_path/Frameworks",
				);
				PRODUCT_BUNDLE_IDENTIFIER = com.zw.DailyLeetCodeTests;
				PRODUCT_NAME = "$(TARGET_NAME)";
				SWIFT_VERSION = 5.0;
				TARGETED_DEVICE_FAMILY = "1,2";
			};
			name = Release;
		};
		A6CF2BB82680CFF800FDD65A /* Debug */ = {
			isa = XCBuildConfiguration;
			buildSettings = {
				CLANG_ENABLE_MODULES = YES;
				CODE_SIGN_STYLE = Automatic;
				DEFINES_MODULE = YES;
				DEVELOPMENT_TEAM = DS7FNLNW4K;
				DYLIB_COMPATIBILITY_VERSION = 1;
				DYLIB_CURRENT_VERSION = 1;
				DYLIB_INSTALL_NAME_BASE = "@rpath";
				INFOPLIST_FILE = WeiSolution/Info.plist;
				INSTALL_PATH = "$(LOCAL_LIBRARY_DIR)/Frameworks";
				LD_RUNPATH_SEARCH_PATHS = (
					"$(inherited)",
					"@executable_path/Frameworks",
					"@loader_path/Frameworks",
				);
				PRODUCT_BUNDLE_IDENTIFIER = com.zw.WeiSolution;
				PRODUCT_NAME = "$(TARGET_NAME:c99extidentifier)";
				SKIP_INSTALL = YES;
				SWIFT_OPTIMIZATION_LEVEL = "-Onone";
				SWIFT_VERSION = 5.0;
				TARGETED_DEVICE_FAMILY = "1,2";
			};
			name = Debug;
		};
		A6CF2BB92680CFF800FDD65A /* Release */ = {
			isa = XCBuildConfiguration;
			buildSettings = {
				CLANG_ENABLE_MODULES = YES;
				CODE_SIGN_STYLE = Automatic;
				DEFINES_MODULE = YES;
				DEVELOPMENT_TEAM = DS7FNLNW4K;
				DYLIB_COMPATIBILITY_VERSION = 1;
				DYLIB_CURRENT_VERSION = 1;
				DYLIB_INSTALL_NAME_BASE = "@rpath";
				INFOPLIST_FILE = WeiSolution/Info.plist;
				INSTALL_PATH = "$(LOCAL_LIBRARY_DIR)/Frameworks";
				LD_RUNPATH_SEARCH_PATHS = (
					"$(inherited)",
					"@executable_path/Frameworks",
					"@loader_path/Frameworks",
				);
				PRODUCT_BUNDLE_IDENTIFIER = com.zw.WeiSolution;
				PRODUCT_NAME = "$(TARGET_NAME:c99extidentifier)";
				SKIP_INSTALL = YES;
				SWIFT_VERSION = 5.0;
				TARGETED_DEVICE_FAMILY = "1,2";
			};
			name = Release;
		};
		A6CF2BBB2680CFF800FDD65A /* Debug */ = {
			isa = XCBuildConfiguration;
			buildSettings = {
				ALWAYS_EMBED_SWIFT_STANDARD_LIBRARIES = YES;
				CODE_SIGN_STYLE = Automatic;
				DEVELOPMENT_TEAM = DS7FNLNW4K;
				INFOPLIST_FILE = WeiSolutionTests/Info.plist;
				LD_RUNPATH_SEARCH_PATHS = (
					"$(inherited)",
					"@executable_path/Frameworks",
					"@loader_path/Frameworks",
				);
				PRODUCT_BUNDLE_IDENTIFIER = com.zw.WeiSolutionTests;
				PRODUCT_NAME = "$(TARGET_NAME)";
				SWIFT_VERSION = 5.0;
				TARGETED_DEVICE_FAMILY = "1,2";
			};
			name = Debug;
		};
		A6CF2BBC2680CFF800FDD65A /* Release */ = {
			isa = XCBuildConfiguration;
			buildSettings = {
				ALWAYS_EMBED_SWIFT_STANDARD_LIBRARIES = YES;
				CODE_SIGN_STYLE = Automatic;
				DEVELOPMENT_TEAM = DS7FNLNW4K;
				INFOPLIST_FILE = WeiSolutionTests/Info.plist;
				LD_RUNPATH_SEARCH_PATHS = (
					"$(inherited)",
					"@executable_path/Frameworks",
					"@loader_path/Frameworks",
				);
				PRODUCT_BUNDLE_IDENTIFIER = com.zw.WeiSolutionTests;
				PRODUCT_NAME = "$(TARGET_NAME)";
				SWIFT_VERSION = 5.0;
				TARGETED_DEVICE_FAMILY = "1,2";
			};
			name = Release;
		};
		A6CF2BD42680D00800FDD65A /* Debug */ = {
			isa = XCBuildConfiguration;
			buildSettings = {
				CLANG_ENABLE_MODULES = YES;
				CODE_SIGN_STYLE = Automatic;
				DEFINES_MODULE = YES;
				DEVELOPMENT_TEAM = DS7FNLNW4K;
				DYLIB_COMPATIBILITY_VERSION = 1;
				DYLIB_CURRENT_VERSION = 1;
				DYLIB_INSTALL_NAME_BASE = "@rpath";
				INFOPLIST_FILE = SavannahSolution/Info.plist;
				INSTALL_PATH = "$(LOCAL_LIBRARY_DIR)/Frameworks";
				LD_RUNPATH_SEARCH_PATHS = (
					"$(inherited)",
					"@executable_path/Frameworks",
					"@loader_path/Frameworks",
				);
				PRODUCT_BUNDLE_IDENTIFIER = com.zw.SavannahSolution;
				PRODUCT_NAME = "$(TARGET_NAME:c99extidentifier)";
				SKIP_INSTALL = YES;
				SWIFT_OPTIMIZATION_LEVEL = "-Onone";
				SWIFT_VERSION = 5.0;
				TARGETED_DEVICE_FAMILY = "1,2";
			};
			name = Debug;
		};
		A6CF2BD52680D00800FDD65A /* Release */ = {
			isa = XCBuildConfiguration;
			buildSettings = {
				CLANG_ENABLE_MODULES = YES;
				CODE_SIGN_STYLE = Automatic;
				DEFINES_MODULE = YES;
				DEVELOPMENT_TEAM = DS7FNLNW4K;
				DYLIB_COMPATIBILITY_VERSION = 1;
				DYLIB_CURRENT_VERSION = 1;
				DYLIB_INSTALL_NAME_BASE = "@rpath";
				INFOPLIST_FILE = SavannahSolution/Info.plist;
				INSTALL_PATH = "$(LOCAL_LIBRARY_DIR)/Frameworks";
				LD_RUNPATH_SEARCH_PATHS = (
					"$(inherited)",
					"@executable_path/Frameworks",
					"@loader_path/Frameworks",
				);
				PRODUCT_BUNDLE_IDENTIFIER = com.zw.SavannahSolution;
				PRODUCT_NAME = "$(TARGET_NAME:c99extidentifier)";
				SKIP_INSTALL = YES;
				SWIFT_VERSION = 5.0;
				TARGETED_DEVICE_FAMILY = "1,2";
			};
			name = Release;
		};
		A6CF2BD72680D00800FDD65A /* Debug */ = {
			isa = XCBuildConfiguration;
			buildSettings = {
				ALWAYS_EMBED_SWIFT_STANDARD_LIBRARIES = YES;
				CODE_SIGN_STYLE = Automatic;
				DEVELOPMENT_TEAM = DS7FNLNW4K;
				INFOPLIST_FILE = SavannahSolutionTests/Info.plist;
				LD_RUNPATH_SEARCH_PATHS = (
					"$(inherited)",
					"@executable_path/Frameworks",
					"@loader_path/Frameworks",
				);
				PRODUCT_BUNDLE_IDENTIFIER = com.zw.SavannahSolutionTests;
				PRODUCT_NAME = "$(TARGET_NAME)";
				SWIFT_VERSION = 5.0;
				TARGETED_DEVICE_FAMILY = "1,2";
			};
			name = Debug;
		};
		A6CF2BD82680D00800FDD65A /* Release */ = {
			isa = XCBuildConfiguration;
			buildSettings = {
				ALWAYS_EMBED_SWIFT_STANDARD_LIBRARIES = YES;
				CODE_SIGN_STYLE = Automatic;
				DEVELOPMENT_TEAM = DS7FNLNW4K;
				INFOPLIST_FILE = SavannahSolutionTests/Info.plist;
				LD_RUNPATH_SEARCH_PATHS = (
					"$(inherited)",
					"@executable_path/Frameworks",
					"@loader_path/Frameworks",
				);
				PRODUCT_BUNDLE_IDENTIFIER = com.zw.SavannahSolutionTests;
				PRODUCT_NAME = "$(TARGET_NAME)";
				SWIFT_VERSION = 5.0;
				TARGETED_DEVICE_FAMILY = "1,2";
			};
			name = Release;
		};
/* End XCBuildConfiguration section */

/* Begin XCConfigurationList section */
		A6CF2B342680C78200FDD65A /* Build configuration list for PBXProject "DailyLeetCode" */ = {
			isa = XCConfigurationList;
			buildConfigurations = (
				A6CF2B4C2680C78200FDD65A /* Debug */,
				A6CF2B4D2680C78200FDD65A /* Release */,
			);
			defaultConfigurationIsVisible = 0;
			defaultConfigurationName = Release;
		};
		A6CF2B4E2680C78200FDD65A /* Build configuration list for PBXNativeTarget "DailyLeetCode" */ = {
			isa = XCConfigurationList;
			buildConfigurations = (
				A6CF2B4F2680C78200FDD65A /* Debug */,
				A6CF2B502680C78200FDD65A /* Release */,
			);
			defaultConfigurationIsVisible = 0;
			defaultConfigurationName = Release;
		};
		A6CF2B6E2680C8A000FDD65A /* Build configuration list for PBXNativeTarget "Solution-Wei" */ = {
			isa = XCConfigurationList;
			buildConfigurations = (
				A6CF2B6A2680C8A000FDD65A /* Debug */,
				A6CF2B6B2680C8A000FDD65A /* Release */,
			);
			defaultConfigurationIsVisible = 0;
			defaultConfigurationName = Release;
		};
		A6CF2B862680C8DF00FDD65A /* Build configuration list for PBXNativeTarget "Solution-Savannah" */ = {
			isa = XCConfigurationList;
			buildConfigurations = (
				A6CF2B872680C8DF00FDD65A /* Debug */,
				A6CF2B882680C8DF00FDD65A /* Release */,
			);
			defaultConfigurationIsVisible = 0;
			defaultConfigurationName = Release;
		};
		A6CF2B9E2680CE1400FDD65A /* Build configuration list for PBXNativeTarget "DailyLeetCodeTests" */ = {
			isa = XCConfigurationList;
			buildConfigurations = (
				A6CF2B9F2680CE1400FDD65A /* Debug */,
				A6CF2BA02680CE1400FDD65A /* Release */,
			);
			defaultConfigurationIsVisible = 0;
			defaultConfigurationName = Release;
		};
		A6CF2BB72680CFF800FDD65A /* Build configuration list for PBXNativeTarget "WeiSolution" */ = {
			isa = XCConfigurationList;
			buildConfigurations = (
				A6CF2BB82680CFF800FDD65A /* Debug */,
				A6CF2BB92680CFF800FDD65A /* Release */,
			);
			defaultConfigurationIsVisible = 0;
			defaultConfigurationName = Release;
		};
		A6CF2BBA2680CFF800FDD65A /* Build configuration list for PBXNativeTarget "WeiSolutionTests" */ = {
			isa = XCConfigurationList;
			buildConfigurations = (
				A6CF2BBB2680CFF800FDD65A /* Debug */,
				A6CF2BBC2680CFF800FDD65A /* Release */,
			);
			defaultConfigurationIsVisible = 0;
			defaultConfigurationName = Release;
		};
		A6CF2BD32680D00800FDD65A /* Build configuration list for PBXNativeTarget "SavannahSolution" */ = {
			isa = XCConfigurationList;
			buildConfigurations = (
				A6CF2BD42680D00800FDD65A /* Debug */,
				A6CF2BD52680D00800FDD65A /* Release */,
			);
			defaultConfigurationIsVisible = 0;
			defaultConfigurationName = Release;
		};
		A6CF2BD62680D00800FDD65A /* Build configuration list for PBXNativeTarget "SavannahSolutionTests" */ = {
			isa = XCConfigurationList;
			buildConfigurations = (
				A6CF2BD72680D00800FDD65A /* Debug */,
				A6CF2BD82680D00800FDD65A /* Release */,
			);
			defaultConfigurationIsVisible = 0;
			defaultConfigurationName = Release;
		};
/* End XCConfigurationList section */
	};
	rootObject = A6CF2B312680C78200FDD65A /* Project object */;
}
